// !$*UTF8*$!
{
	archiveVersion = 1;
	classes = {
	};
	objectVersion = 50;
	objects = {

/* Begin PBXBuildFile section */
		161F076425D187DC0067CC3D /* DatabaseController.swift in Sources */ = {isa = PBXBuildFile; fileRef = 161F076325D187DC0067CC3D /* DatabaseController.swift */; };
		161F076725D18CD40067CC3D /* WeatherSavedData.swift in Sources */ = {isa = PBXBuildFile; fileRef = 161F076625D18CD40067CC3D /* WeatherSavedData.swift */; };
		161F076B25D18F140067CC3D /* TableViewCell.swift in Sources */ = {isa = PBXBuildFile; fileRef = 161F076925D18F140067CC3D /* TableViewCell.swift */; };
		161F076C25D18F140067CC3D /* TableViewCell.xib in Resources */ = {isa = PBXBuildFile; fileRef = 161F076A25D18F140067CC3D /* TableViewCell.xib */; };
		16BE3AE025D17C8400D06156 /* AppDelegate.swift in Sources */ = {isa = PBXBuildFile; fileRef = 16BE3ADF25D17C8400D06156 /* AppDelegate.swift */; };
		16BE3AE225D17C8400D06156 /* SceneDelegate.swift in Sources */ = {isa = PBXBuildFile; fileRef = 16BE3AE125D17C8400D06156 /* SceneDelegate.swift */; };
		16BE3AE425D17C8400D06156 /* ViewController.swift in Sources */ = {isa = PBXBuildFile; fileRef = 16BE3AE325D17C8400D06156 /* ViewController.swift */; };
		16BE3AE725D17C8400D06156 /* Main.storyboard in Resources */ = {isa = PBXBuildFile; fileRef = 16BE3AE525D17C8400D06156 /* Main.storyboard */; };
		16BE3AEA25D17C8400D06156 /* WeatherApp.xcdatamodeld in Sources */ = {isa = PBXBuildFile; fileRef = 16BE3AE825D17C8400D06156 /* WeatherApp.xcdatamodeld */; };
		16BE3AEC25D17C8800D06156 /* Assets.xcassets in Resources */ = {isa = PBXBuildFile; fileRef = 16BE3AEB25D17C8800D06156 /* Assets.xcassets */; };
		16BE3AEF25D17C8800D06156 /* LaunchScreen.storyboard in Resources */ = {isa = PBXBuildFile; fileRef = 16BE3AED25D17C8800D06156 /* LaunchScreen.storyboard */; };
		16BE3AF825D17ED900D06156 /* PlaceHelperVC.xib in Resources */ = {isa = PBXBuildFile; fileRef = 16BE3AF725D17ED900D06156 /* PlaceHelperVC.xib */; };
		16BE3AFF25D17F5100D06156 /* WeatherManager.swift in Sources */ = {isa = PBXBuildFile; fileRef = 16BE3AFE25D17F5100D06156 /* WeatherManager.swift */; };
		16BE3B0525D17F9400D06156 /* WeatherManagerDelegate.swift in Sources */ = {isa = PBXBuildFile; fileRef = 16BE3B0225D17F9300D06156 /* WeatherManagerDelegate.swift */; };
		16BE3B0625D17F9400D06156 /* Coordinate.swift in Sources */ = {isa = PBXBuildFile; fileRef = 16BE3B0325D17F9300D06156 /* Coordinate.swift */; };
		16BE3B0725D17F9400D06156 /* WeatherModel.swift in Sources */ = {isa = PBXBuildFile; fileRef = 16BE3B0425D17F9400D06156 /* WeatherModel.swift */; };
		16BE3B0A25D17FDA00D06156 /* PlaceHelperVC.swift in Sources */ = {isa = PBXBuildFile; fileRef = 16BE3B0925D17FDA00D06156 /* PlaceHelperVC.swift */; };
		16BE3B0E25D180CE00D06156 /* Constants.swift in Sources */ = {isa = PBXBuildFile; fileRef = 16BE3B0D25D180CE00D06156 /* Constants.swift */; };
/* End PBXBuildFile section */

/* Begin PBXFileReference section */
		161F076325D187DC0067CC3D /* DatabaseController.swift */ = {isa = PBXFileReference; fileEncoding = 4; lastKnownFileType = sourcecode.swift; path = DatabaseController.swift; sourceTree = "<group>"; };
		161F076625D18CD40067CC3D /* WeatherSavedData.swift */ = {isa = PBXFileReference; lastKnownFileType = sourcecode.swift; path = WeatherSavedData.swift; sourceTree = "<group>"; };
		161F076925D18F140067CC3D /* TableViewCell.swift */ = {isa = PBXFileReference; lastKnownFileType = sourcecode.swift; path = TableViewCell.swift; sourceTree = "<group>"; };
		161F076A25D18F140067CC3D /* TableViewCell.xib */ = {isa = PBXFileReference; lastKnownFileType = file.xib; path = TableViewCell.xib; sourceTree = "<group>"; };
		16BE3ADC25D17C8400D06156 /* WeatherApp.app */ = {isa = PBXFileReference; explicitFileType = wrapper.application; includeInIndex = 0; path = WeatherApp.app; sourceTree = BUILT_PRODUCTS_DIR; };
		16BE3ADF25D17C8400D06156 /* AppDelegate.swift */ = {isa = PBXFileReference; lastKnownFileType = sourcecode.swift; path = AppDelegate.swift; sourceTree = "<group>"; };
		16BE3AE125D17C8400D06156 /* SceneDelegate.swift */ = {isa = PBXFileReference; lastKnownFileType = sourcecode.swift; path = SceneDelegate.swift; sourceTree = "<group>"; };
		16BE3AE325D17C8400D06156 /* ViewController.swift */ = {isa = PBXFileReference; lastKnownFileType = sourcecode.swift; path = ViewController.swift; sourceTree = "<group>"; };
		16BE3AE625D17C8400D06156 /* Base */ = {isa = PBXFileReference; lastKnownFileType = file.storyboard; name = Base; path = Base.lproj/Main.storyboard; sourceTree = "<group>"; };
		16BE3AE925D17C8400D06156 /* WeatherApp.xcdatamodel */ = {isa = PBXFileReference; lastKnownFileType = wrapper.xcdatamodel; path = WeatherApp.xcdatamodel; sourceTree = "<group>"; };
		16BE3AEB25D17C8800D06156 /* Assets.xcassets */ = {isa = PBXFileReference; lastKnownFileType = folder.assetcatalog; path = Assets.xcassets; sourceTree = "<group>"; };
		16BE3AEE25D17C8800D06156 /* Base */ = {isa = PBXFileReference; lastKnownFileType = file.storyboard; name = Base; path = Base.lproj/LaunchScreen.storyboard; sourceTree = "<group>"; };
		16BE3AF025D17C8800D06156 /* Info.plist */ = {isa = PBXFileReference; lastKnownFileType = text.plist.xml; path = Info.plist; sourceTree = "<group>"; };
		16BE3AF725D17ED900D06156 /* PlaceHelperVC.xib */ = {isa = PBXFileReference; fileEncoding = 4; lastKnownFileType = file.xib; path = PlaceHelperVC.xib; sourceTree = "<group>"; };
		16BE3AFE25D17F5100D06156 /* WeatherManager.swift */ = {isa = PBXFileReference; lastKnownFileType = sourcecode.swift; path = WeatherManager.swift; sourceTree = "<group>"; };
		16BE3B0225D17F9300D06156 /* WeatherManagerDelegate.swift */ = {isa = PBXFileReference; fileEncoding = 4; lastKnownFileType = sourcecode.swift; path = WeatherManagerDelegate.swift; sourceTree = "<group>"; };
		16BE3B0325D17F9300D06156 /* Coordinate.swift */ = {isa = PBXFileReference; fileEncoding = 4; lastKnownFileType = sourcecode.swift; path = Coordinate.swift; sourceTree = "<group>"; };
		16BE3B0425D17F9400D06156 /* WeatherModel.swift */ = {isa = PBXFileReference; fileEncoding = 4; lastKnownFileType = sourcecode.swift; path = WeatherModel.swift; sourceTree = "<group>"; };
		16BE3B0925D17FDA00D06156 /* PlaceHelperVC.swift */ = {isa = PBXFileReference; fileEncoding = 4; lastKnownFileType = sourcecode.swift; path = PlaceHelperVC.swift; sourceTree = "<group>"; };
		16BE3B0D25D180CE00D06156 /* Constants.swift */ = {isa = PBXFileReference; fileEncoding = 4; lastKnownFileType = sourcecode.swift; path = Constants.swift; sourceTree = "<group>"; };
/* End PBXFileReference section */

/* Begin PBXFrameworksBuildPhase section */
		16BE3AD925D17C8400D06156 /* Frameworks */ = {
			isa = PBXFrameworksBuildPhase;
			buildActionMask = 2147483647;
			files = (
			);
			runOnlyForDeploymentPostprocessing = 0;
		};
/* End PBXFrameworksBuildPhase section */

/* Begin PBXGroup section */
		16BE3AD325D17C8400D06156 = {
			isa = PBXGroup;
			children = (
				16BE3ADE25D17C8400D06156 /* WeatherApp */,
				16BE3ADD25D17C8400D06156 /* Products */,
			);
			sourceTree = "<group>";
		};
		16BE3ADD25D17C8400D06156 /* Products */ = {
			isa = PBXGroup;
			children = (
				16BE3ADC25D17C8400D06156 /* WeatherApp.app */,
			);
			name = Products;
			sourceTree = "<group>";
		};
		16BE3ADE25D17C8400D06156 /* WeatherApp */ = {
			isa = PBXGroup;
			children = (
				16BE3B0C25D180C400D06156 /* Utils */,
				16BE3AFD25D17F3900D06156 /* Controller */,
				16BE3AFC25D17F3200D06156 /* View */,
				16BE3AFB25D17F2C00D06156 /* Model */,
				16BE3AFA25D17F1C00D06156 /* Api */,
				16BE3ADF25D17C8400D06156 /* AppDelegate.swift */,
				16BE3AE125D17C8400D06156 /* SceneDelegate.swift */,
				16BE3AEB25D17C8800D06156 /* Assets.xcassets */,
				16BE3AED25D17C8800D06156 /* LaunchScreen.storyboard */,
				16BE3AF025D17C8800D06156 /* Info.plist */,
				16BE3AE825D17C8400D06156 /* WeatherApp.xcdatamodeld */,
			);
			path = WeatherApp;
			sourceTree = "<group>";
		};
		16BE3AFA25D17F1C00D06156 /* Api */ = {
			isa = PBXGroup;
			children = (
				16BE3AFE25D17F5100D06156 /* WeatherManager.swift */,
			);
			path = Api;
			sourceTree = "<group>";
		};
		16BE3AFB25D17F2C00D06156 /* Model */ = {
			isa = PBXGroup;
			children = (
				16BE3B0325D17F9300D06156 /* Coordinate.swift */,
				16BE3B0225D17F9300D06156 /* WeatherManagerDelegate.swift */,
				16BE3B0425D17F9400D06156 /* WeatherModel.swift */,
				161F076625D18CD40067CC3D /* WeatherSavedData.swift */,
			);
			path = Model;
			sourceTree = "<group>";
		};
		16BE3AFC25D17F3200D06156 /* View */ = {
			isa = PBXGroup;
			children = (
				16BE3AE525D17C8400D06156 /* Main.storyboard */,
				16BE3AF725D17ED900D06156 /* PlaceHelperVC.xib */,
				161F076925D18F140067CC3D /* TableViewCell.swift */,
				161F076A25D18F140067CC3D /* TableViewCell.xib */,
			);
			path = View;
			sourceTree = "<group>";
		};
		16BE3AFD25D17F3900D06156 /* Controller */ = {
			isa = PBXGroup;
			children = (
				161F076325D187DC0067CC3D /* DatabaseController.swift */,
				16BE3AE325D17C8400D06156 /* ViewController.swift */,
				16BE3B0925D17FDA00D06156 /* PlaceHelperVC.swift */,
			);
			path = Controller;
			sourceTree = "<group>";
		};
		16BE3B0C25D180C400D06156 /* Utils */ = {
			isa = PBXGroup;
			children = (
				16BE3B0D25D180CE00D06156 /* Constants.swift */,
			);
			path = Utils;
			sourceTree = "<group>";
		};
/* End PBXGroup section */

/* Begin PBXNativeTarget section */
		16BE3ADB25D17C8400D06156 /* WeatherApp */ = {
			isa = PBXNativeTarget;
			buildConfigurationList = 16BE3AF325D17C8800D06156 /* Build configuration list for PBXNativeTarget "WeatherApp" */;
			buildPhases = (
				16BE3AD825D17C8400D06156 /* Sources */,
				16BE3AD925D17C8400D06156 /* Frameworks */,
				16BE3ADA25D17C8400D06156 /* Resources */,
			);
			buildRules = (
			);
			dependencies = (
			);
			name = WeatherApp;
			productName = WeatherApp;
			productReference = 16BE3ADC25D17C8400D06156 /* WeatherApp.app */;
			productType = "com.apple.product-type.application";
		};
/* End PBXNativeTarget section */

/* Begin PBXProject section */
		16BE3AD425D17C8400D06156 /* Project object */ = {
			isa = PBXProject;
			attributes = {
				LastSwiftUpdateCheck = 1200;
				LastUpgradeCheck = 1200;
				TargetAttributes = {
					16BE3ADB25D17C8400D06156 = {
						CreatedOnToolsVersion = 12.0;
					};
				};
			};
			buildConfigurationList = 16BE3AD725D17C8400D06156 /* Build configuration list for PBXProject "WeatherApp" */;
			compatibilityVersion = "Xcode 9.3";
			developmentRegion = en;
			hasScannedForEncodings = 0;
			knownRegions = (
				en,
				Base,
			);
			mainGroup = 16BE3AD325D17C8400D06156;
			productRefGroup = 16BE3ADD25D17C8400D06156 /* Products */;
			projectDirPath = "";
			projectRoot = "";
			targets = (
				16BE3ADB25D17C8400D06156 /* WeatherApp */,
			);
		};
/* End PBXProject section */

/* Begin PBXResourcesBuildPhase section */
		16BE3ADA25D17C8400D06156 /* Resources */ = {
			isa = PBXResourcesBuildPhase;
			buildActionMask = 2147483647;
			files = (
				16BE3AF825D17ED900D06156 /* PlaceHelperVC.xib in Resources */,
				161F076C25D18F140067CC3D /* TableViewCell.xib in Resources */,
				16BE3AEF25D17C8800D06156 /* LaunchScreen.storyboard in Resources */,
				16BE3AEC25D17C8800D06156 /* Assets.xcassets in Resources */,
				16BE3AE725D17C8400D06156 /* Main.storyboard in Resources */,
			);
			runOnlyForDeploymentPostprocessing = 0;
		};
/* End PBXResourcesBuildPhase section */

/* Begin PBXSourcesBuildPhase section */
		16BE3AD825D17C8400D06156 /* Sources */ = {
			isa = PBXSourcesBuildPhase;
			buildActionMask = 2147483647;
			files = (
				161F076B25D18F140067CC3D /* TableViewCell.swift in Sources */,
				16BE3B0625D17F9400D06156 /* Coordinate.swift in Sources */,
				16BE3AEA25D17C8400D06156 /* WeatherApp.xcdatamodeld in Sources */,
				161F076725D18CD40067CC3D /* WeatherSavedData.swift in Sources */,
				16BE3AE425D17C8400D06156 /* ViewController.swift in Sources */,
				16BE3AFF25D17F5100D06156 /* WeatherManager.swift in Sources */,
				161F076425D187DC0067CC3D /* DatabaseController.swift in Sources */,
				16BE3B0A25D17FDA00D06156 /* PlaceHelperVC.swift in Sources */,
				16BE3B0E25D180CE00D06156 /* Constants.swift in Sources */,
				16BE3B0525D17F9400D06156 /* WeatherManagerDelegate.swift in Sources */,
				16BE3AE025D17C8400D06156 /* AppDelegate.swift in Sources */,
				16BE3B0725D17F9400D06156 /* WeatherModel.swift in Sources */,
				16BE3AE225D17C8400D06156 /* SceneDelegate.swift in Sources */,
			);
			runOnlyForDeploymentPostprocessing = 0;
		};
/* End PBXSourcesBuildPhase section */

/* Begin PBXVariantGroup section */
		16BE3AE525D17C8400D06156 /* Main.storyboard */ = {
			isa = PBXVariantGroup;
			children = (
				16BE3AE625D17C8400D06156 /* Base */,
			);
			name = Main.storyboard;
			sourceTree = "<group>";
		};
		16BE3AED25D17C8800D06156 /* LaunchScreen.storyboard */ = {
			isa = PBXVariantGroup;
			children = (
				16BE3AEE25D17C8800D06156 /* Base */,
			);
			name = LaunchScreen.storyboard;
			sourceTree = "<group>";
		};
/* End PBXVariantGroup section */

/* Begin XCBuildConfiguration section */
		16BE3AF125D17C8800D06156 /* Debug */ = {
			isa = XCBuildConfiguration;
			buildSettings = {
				ALWAYS_SEARCH_USER_PATHS = NO;
				CLANG_ANALYZER_NONNULL = YES;
				CLANG_ANALYZER_NUMBER_OBJECT_CONVERSION = YES_AGGRESSIVE;
				CLANG_CXX_LANGUAGE_STANDARD = "gnu++14";
				CLANG_CXX_LIBRARY = "libc++";
				CLANG_ENABLE_MODULES = YES;
				CLANG_ENABLE_OBJC_ARC = YES;
				CLANG_ENABLE_OBJC_WEAK = YES;
				CLANG_WARN_BLOCK_CAPTURE_AUTORELEASING = YES;
				CLANG_WARN_BOOL_CONVERSION = YES;
				CLANG_WARN_COMMA = YES;
				CLANG_WARN_CONSTANT_CONVERSION = YES;
				CLANG_WARN_DEPRECATED_OBJC_IMPLEMENTATIONS = YES;
				CLANG_WARN_DIRECT_OBJC_ISA_USAGE = YES_ERROR;
				CLANG_WARN_DOCUMENTATION_COMMENTS = YES;
				CLANG_WARN_EMPTY_BODY = YES;
				CLANG_WARN_ENUM_CONVERSION = YES;
				CLANG_WARN_INFINITE_RECURSION = YES;
				CLANG_WARN_INT_CONVERSION = YES;
				CLANG_WARN_NON_LITERAL_NULL_CONVERSION = YES;
				CLANG_WARN_OBJC_IMPLICIT_RETAIN_SELF = YES;
				CLANG_WARN_OBJC_LITERAL_CONVERSION = YES;
				CLANG_WARN_OBJC_ROOT_CLASS = YES_ERROR;
				CLANG_WARN_QUOTED_INCLUDE_IN_FRAMEWORK_HEADER = YES;
				CLANG_WARN_RANGE_LOOP_ANALYSIS = YES;
				CLANG_WARN_STRICT_PROTOTYPES = YES;
				CLANG_WARN_SUSPICIOUS_MOVE = YES;
				CLANG_WARN_UNGUARDED_AVAILABILITY = YES_AGGRESSIVE;
				CLANG_WARN_UNREACHABLE_CODE = YES;
				CLANG_WARN__DUPLICATE_METHOD_MATCH = YES;
				COPY_PHASE_STRIP = NO;
				DEBUG_INFORMATION_FORMAT = dwarf;
				ENABLE_STRICT_OBJC_MSGSEND = YES;
				ENABLE_TESTABILITY = YES;
				GCC_C_LANGUAGE_STANDARD = gnu11;
				GCC_DYNAMIC_NO_PIC = NO;
				GCC_NO_COMMON_BLOCKS = YES;
				GCC_OPTIMIZATION_LEVEL = 0;
				GCC_PREPROCESSOR_DEFINITIONS = (
					"DEBUG=1",
					"$(inherited)",
				);
				GCC_WARN_64_TO_32_BIT_CONVERSION = YES;
				GCC_WARN_ABOUT_RETURN_TYPE = YES_ERROR;
				GCC_WARN_UNDECLARED_SELECTOR = YES;
				GCC_WARN_UNINITIALIZED_AUTOS = YES_AGGRESSIVE;
				GCC_WARN_UNUSED_FUNCTION = YES;
				GCC_WARN_UNUSED_VARIABLE = YES;
				IPHONEOS_DEPLOYMENT_TARGET = 14.0;
				MTL_ENABLE_DEBUG_INFO = INCLUDE_SOURCE;
				MTL_FAST_MATH = YES;
				ONLY_ACTIVE_ARCH = YES;
				SDKROOT = iphoneos;
				SWIFT_ACTIVE_COMPILATION_CONDITIONS = DEBUG;
				SWIFT_OPTIMIZATION_LEVEL = "-Onone";
			};
			name = Debug;
		};
		16BE3AF225D17C8800D06156 /* Release */ = {
			isa = XCBuildConfiguration;
			buildSettings = {
				ALWAYS_SEARCH_USER_PATHS = NO;
				CLANG_ANALYZER_NONNULL = YES;
				CLANG_ANALYZER_NUMBER_OBJECT_CONVERSION = YES_AGGRESSIVE;
				CLANG_CXX_LANGUAGE_STANDARD = "gnu++14";
				CLANG_CXX_LIBRARY = "libc++";
				CLANG_ENABLE_MODULES = YES;
				CLANG_ENABLE_OBJC_ARC = YES;
				CLANG_ENABLE_OBJC_WEAK = YES;
				CLANG_WARN_BLOCK_CAPTURE_AUTORELEASING = YES;
				CLANG_WARN_BOOL_CONVERSION = YES;
				CLANG_WARN_COMMA = YES;
				CLANG_WARN_CONSTANT_CONVERSION = YES;
				CLANG_WARN_DEPRECATED_OBJC_IMPLEMENTATIONS = YES;
				CLANG_WARN_DIRECT_OBJC_ISA_USAGE = YES_ERROR;
				CLANG_WARN_DOCUMENTATION_COMMENTS = YES;
				CLANG_WARN_EMPTY_BODY = YES;
				CLANG_WARN_ENUM_CONVERSION = YES;
				CLANG_WARN_INFINITE_RECURSION = YES;
				CLANG_WARN_INT_CONVERSION = YES;
				CLANG_WARN_NON_LITERAL_NULL_CONVERSION = YES;
				CLANG_WARN_OBJC_IMPLICIT_RETAIN_SELF = YES;
				CLANG_WARN_OBJC_LITERAL_CONVERSION = YES;
				CLANG_WARN_OBJC_ROOT_CLASS = YES_ERROR;
				CLANG_WARN_QUOTED_INCLUDE_IN_FRAMEWORK_HEADER = YES;
				CLANG_WARN_RANGE_LOOP_ANALYSIS = YES;
				CLANG_WARN_STRICT_PROTOTYPES = YES;
				CLANG_WARN_SUSPICIOUS_MOVE = YES;
				CLANG_WARN_UNGUARDED_AVAILABILITY = YES_AGGRESSIVE;
				CLANG_WARN_UNREACHABLE_CODE = YES;
				CLANG_WARN__DUPLICATE_METHOD_MATCH = YES;
				COPY_PHASE_STRIP = NO;
				DEBUG_INFORMATION_FORMAT = "dwarf-with-dsym";
				ENABLE_NS_ASSERTIONS = NO;
				ENABLE_STRICT_OBJC_MSGSEND = YES;
				GCC_C_LANGUAGE_STANDARD = gnu11;
				GCC_NO_COMMON_BLOCKS = YES;
				GCC_WARN_64_TO_32_BIT_CONVERSION = YES;
				GCC_WARN_ABOUT_RETURN_TYPE = YES_ERROR;
				GCC_WARN_UNDECLARED_SELECTOR = YES;
				GCC_WARN_UNINITIALIZED_AUTOS = YES_AGGRESSIVE;
				GCC_WARN_UNUSED_FUNCTION = YES;
				GCC_WARN_UNUSED_VARIABLE = YES;
				IPHONEOS_DEPLOYMENT_TARGET = 14.0;
				MTL_ENABLE_DEBUG_INFO = NO;
				MTL_FAST_MATH = YES;
				SDKROOT = iphoneos;
				SWIFT_COMPILATION_MODE = wholemodule;
				SWIFT_OPTIMIZATION_LEVEL = "-O";
				VALIDATE_PRODUCT = YES;
			};
			name = Release;
		};
		16BE3AF425D17C8800D06156 /* Debug */ = {
			isa = XCBuildConfiguration;
			buildSettings = {
				ASSETCATALOG_COMPILER_APPICON_NAME = AppIcon;
				ASSETCATALOG_COMPILER_GLOBAL_ACCENT_COLOR_NAME = AccentColor;
				CODE_SIGN_STYLE = Automatic;
				DEVELOPMENT_TEAM = H37Y73D229;
				INFOPLIST_FILE = WeatherApp/Info.plist;
				LD_RUNPATH_SEARCH_PATHS = (
					"$(inherited)",
					"@executable_path/Frameworks",
				);
				PRODUCT_BUNDLE_IDENTIFIER = com.anshuvij.WeatherApp;
				PRODUCT_NAME = "$(TARGET_NAME)";
				SWIFT_VERSION = 5.0;
				TARGETED_DEVICE_FAMILY = "1,2";
			};
			name = Debug;
		};
		16BE3AF525D17C8800D06156 /* Release */ = {
			isa = XCBuildConfiguration;
			buildSettings = {
				ASSETCATALOG_COMPILER_APPICON_NAME = AppIcon;
				ASSETCATALOG_COMPILER_GLOBAL_ACCENT_COLOR_NAME = AccentColor;
				CODE_SIGN_STYLE = Automatic;
				DEVELOPMENT_TEAM = H37Y73D229;
				INFOPLIST_FILE = WeatherApp/Info.plist;
				LD_RUNPATH_SEARCH_PATHS = (
					"$(inherited)",
					"@executable_path/Frameworks",
				);
				PRODUCT_BUNDLE_IDENTIFIER = com.anshuvij.WeatherApp;
				PRODUCT_NAME = "$(TARGET_NAME)";
				SWIFT_VERSION = 5.0;
				TARGETED_DEVICE_FAMILY = "1,2";
			};
			name = Release;
		};
/* End XCBuildConfiguration section */

/* Begin XCConfigurationList section */
		16BE3AD725D17C8400D06156 /* Build configuration list for PBXProject "WeatherApp" */ = {
			isa = XCConfigurationList;
			buildConfigurations = (
				16BE3AF125D17C8800D06156 /* Debug */,
				16BE3AF225D17C8800D06156 /* Release */,
			);
			defaultConfigurationIsVisible = 0;
			defaultConfigurationName = Release;
		};
		16BE3AF325D17C8800D06156 /* Build configuration list for PBXNativeTarget "WeatherApp" */ = {
			isa = XCConfigurationList;
			buildConfigurations = (
				16BE3AF425D17C8800D06156 /* Debug */,
				16BE3AF525D17C8800D06156 /* Release */,
			);
			defaultConfigurationIsVisible = 0;
			defaultConfigurationName = Release;
		};
/* End XCConfigurationList section */

/* Begin XCVersionGroup section */
		16BE3AE825D17C8400D06156 /* WeatherApp.xcdatamodeld */ = {
			isa = XCVersionGroup;
			children = (
				16BE3AE925D17C8400D06156 /* WeatherApp.xcdatamodel */,
			);
			currentVersion = 16BE3AE925D17C8400D06156 /* WeatherApp.xcdatamodel */;
			path = WeatherApp.xcdatamodeld;
			sourceTree = "<group>";
			versionGroupType = wrapper.xcdatamodel;
		};
/* End XCVersionGroup section */
	};
	rootObject = 16BE3AD425D17C8400D06156 /* Project object */;
}
